
Microsoft Visual Studio Solution File, Format Version 12.00
# Visual Studio Version 17
VisualStudioVersion = 17.0.32014.148
MinimumVisualStudioVersion = 10.0.40219.1
Project("{9A19103F-16F7-4668-BE54-9A1E7A4F7556}") = "Alligator.UI", "Alligator\Alligator.UI.csproj", "{A8A60628-F8CF-4EFE-BB50-C718C6A34C50}"
EndProject
Project("{00D1A9C2-B5F0-4AF3-8072-F6C62B433612}") = "Alligator.DB", "Alligator.DB\Alligator.DB.sqlproj", "{E0FBB3D6-C3A7-40BD-9999-7BABA9597709}"
EndProject
Project("{9A19103F-16F7-4668-BE54-9A1E7A4F7556}") = "Alligator.DataLayer", "Alligator.DataLayer\Alligator.DataLayer.csproj", "{81787F65-1BC9-42B2-A18F-DC2284C2558C}"
EndProject
Project("{9A19103F-16F7-4668-BE54-9A1E7A4F7556}") = "Alligator.BusinessLayer", "Alligator.BusinessLayer\Alligator.BusinessLayer.csproj", "{4CA51772-E591-4338-9ECC-BC174384CF46}"
EndProject
Project("{FAE04EC0-301F-11D3-BF4B-00C04F79EFBC}") = "Alligator.BusinessLayer.Tests", "Alligator.BusinessLayer.Tests\Alligator.BusinessLayer.Tests.csproj", "{F856C088-6BC2-4098-BB7C-90C41D1A74AE}"
	ProjectSection(ProjectDependencies) = postProject
		{4CA51772-E591-4338-9ECC-BC174384CF46} = {4CA51772-E591-4338-9ECC-BC174384CF46}
	EndProjectSection
EndProject
Global
	GlobalSection(SolutionConfigurationPlatforms) = preSolution
		Debug|Any CPU = Debug|Any CPU
		Release|Any CPU = Release|Any CPU
	EndGlobalSection
	GlobalSection(ProjectConfigurationPlatforms) = postSolution
		{A8A60628-F8CF-4EFE-BB50-C718C6A34C50}.Debug|Any CPU.ActiveCfg = Debug|Any CPU
		{A8A60628-F8CF-4EFE-BB50-C718C6A34C50}.Debug|Any CPU.Build.0 = Debug|Any CPU
		{A8A60628-F8CF-4EFE-BB50-C718C6A34C50}.Release|Any CPU.ActiveCfg = Release|Any CPU
		{A8A60628-F8CF-4EFE-BB50-C718C6A34C50}.Release|Any CPU.Build.0 = Release|Any CPU
		{E0FBB3D6-C3A7-40BD-9999-7BABA9597709}.Debug|Any CPU.ActiveCfg = Debug|Any CPU
		{E0FBB3D6-C3A7-40BD-9999-7BABA9597709}.Debug|Any CPU.Build.0 = Debug|Any CPU
		{E0FBB3D6-C3A7-40BD-9999-7BABA9597709}.Debug|Any CPU.Deploy.0 = Debug|Any CPU
		{E0FBB3D6-C3A7-40BD-9999-7BABA9597709}.Release|Any CPU.ActiveCfg = Release|Any CPU
		{E0FBB3D6-C3A7-40BD-9999-7BABA9597709}.Release|Any CPU.Build.0 = Release|Any CPU
		{E0FBB3D6-C3A7-40BD-9999-7BABA9597709}.Release|Any CPU.Deploy.0 = Release|Any CPU
		{81787F65-1BC9-42B2-A18F-DC2284C2558C}.Debug|Any CPU.ActiveCfg = Debug|Any CPU
		{81787F65-1BC9-42B2-A18F-DC2284C2558C}.Debug|Any CPU.Build.0 = Debug|Any CPU
		{81787F65-1BC9-42B2-A18F-DC2284C2558C}.Release|Any CPU.ActiveCfg = Release|Any CPU
		{81787F65-1BC9-42B2-A18F-DC2284C2558C}.Release|Any CPU.Build.0 = Release|Any CPU
		{4CA51772-E591-4338-9ECC-BC174384CF46}.Debug|Any CPU.ActiveCfg = Debug|Any CPU
		{4CA51772-E591-4338-9ECC-BC174384CF46}.Debug|Any CPU.Build.0 = Debug|Any CPU
		{4CA51772-E591-4338-9ECC-BC174384CF46}.Release|Any CPU.ActiveCfg = Release|Any CPU
		{4CA51772-E591-4338-9ECC-BC174384CF46}.Release|Any CPU.Build.0 = Release|Any CPU
		{F856C088-6BC2-4098-BB7C-90C41D1A74AE}.Debug|Any CPU.ActiveCfg = Debug|Any CPU
		{F856C088-6BC2-4098-BB7C-90C41D1A74AE}.Debug|Any CPU.Build.0 = Debug|Any CPU
		{F856C088-6BC2-4098-BB7C-90C41D1A74AE}.Release|Any CPU.ActiveCfg = Release|Any CPU
		{F856C088-6BC2-4098-BB7C-90C41D1A74AE}.Release|Any CPU.Build.0 = Release|Any CPU
	EndGlobalSection
	GlobalSection(SolutionProperties) = preSolution
		HideSolutionNode = FALSE
	EndGlobalSection
	GlobalSection(ExtensibilityGlobals) = postSolution
		SolutionGuid = {6521A4D5-CB0E-4D99-B8DB-2DDAFCD2677B}
	EndGlobalSection
EndGlobal
